// !$*UTF8*$!
{
	archiveVersion = 1;
	classes = {
	};
	objectVersion = 51;
	objects = {

/* Begin PBXBuildFile section */
		0EDA4E78903D1D37C732CA8B /* Pods_sample_ios.framework in Frameworks */ = {isa = PBXBuildFile; fileRef = 0939F1529D1E00BED1066927 /* Pods_sample_ios.framework */; };
		4931FE69245DC565007F51F1 /* AppDelegate.swift in Sources */ = {isa = PBXBuildFile; fileRef = 4931FE68245DC565007F51F1 /* AppDelegate.swift */; };
		4931FE6B245DC565007F51F1 /* SceneDelegate.swift in Sources */ = {isa = PBXBuildFile; fileRef = 4931FE6A245DC565007F51F1 /* SceneDelegate.swift */; };
		4931FE6D245DC565007F51F1 /* ViewController.swift in Sources */ = {isa = PBXBuildFile; fileRef = 4931FE6C245DC565007F51F1 /* ViewController.swift */; };
		4931FE70245DC565007F51F1 /* Main.storyboard in Resources */ = {isa = PBXBuildFile; fileRef = 4931FE6E245DC565007F51F1 /* Main.storyboard */; };
		4931FE72245DC566007F51F1 /* Assets.xcassets in Resources */ = {isa = PBXBuildFile; fileRef = 4931FE71245DC566007F51F1 /* Assets.xcassets */; };
		4931FE75245DC566007F51F1 /* LaunchScreen.storyboard in Resources */ = {isa = PBXBuildFile; fileRef = 4931FE73245DC566007F51F1 /* LaunchScreen.storyboard */; };
/* End PBXBuildFile section */

/* Begin PBXFileReference section */
		0939F1529D1E00BED1066927 /* Pods_sample_ios.framework */ = {isa = PBXFileReference; explicitFileType = wrapper.framework; includeInIndex = 0; path = Pods_sample_ios.framework; sourceTree = BUILT_PRODUCTS_DIR; };
		1DCE1E5B9409B5980746CCCE /* Pods-sample_ios.release.xcconfig */ = {isa = PBXFileReference; includeInIndex = 1; lastKnownFileType = text.xcconfig; name = "Pods-sample_ios.release.xcconfig"; path = "Target Support Files/Pods-sample_ios/Pods-sample_ios.release.xcconfig"; sourceTree = "<group>"; };
		4931FE65245DC565007F51F1 /* sample_ios.app */ = {isa = PBXFileReference; explicitFileType = wrapper.application; includeInIndex = 0; path = sample_ios.app; sourceTree = BUILT_PRODUCTS_DIR; };
		4931FE68245DC565007F51F1 /* AppDelegate.swift */ = {isa = PBXFileReference; lastKnownFileType = sourcecode.swift; path = AppDelegate.swift; sourceTree = "<group>"; };
		4931FE6A245DC565007F51F1 /* SceneDelegate.swift */ = {isa = PBXFileReference; lastKnownFileType = sourcecode.swift; path = SceneDelegate.swift; sourceTree = "<group>"; };
		4931FE6C245DC565007F51F1 /* ViewController.swift */ = {isa = PBXFileReference; lastKnownFileType = sourcecode.swift; path = ViewController.swift; sourceTree = "<group>"; };
		4931FE6F245DC565007F51F1 /* Base */ = {isa = PBXFileReference; lastKnownFileType = file.storyboard; name = Base; path = Base.lproj/Main.storyboard; sourceTree = "<group>"; };
		4931FE71245DC566007F51F1 /* Assets.xcassets */ = {isa = PBXFileReference; lastKnownFileType = folder.assetcatalog; path = Assets.xcassets; sourceTree = "<group>"; };
		4931FE74245DC566007F51F1 /* Base */ = {isa = PBXFileReference; lastKnownFileType = file.storyboard; name = Base; path = Base.lproj/LaunchScreen.storyboard; sourceTree = "<group>"; };
		4931FE76245DC566007F51F1 /* Info.plist */ = {isa = PBXFileReference; lastKnownFileType = text.plist.xml; path = Info.plist; sourceTree = "<group>"; };
		7158BBB7F8472FD9E67DC327 /* Pods-sample_ios.debug.xcconfig */ = {isa = PBXFileReference; includeInIndex = 1; lastKnownFileType = text.xcconfig; name = "Pods-sample_ios.debug.xcconfig"; path = "Target Support Files/Pods-sample_ios/Pods-sample_ios.debug.xcconfig"; sourceTree = "<group>"; };
/* End PBXFileReference section */

/* Begin PBXFrameworksBuildPhase section */
		4931FE62245DC565007F51F1 /* Frameworks */ = {
			isa = PBXFrameworksBuildPhase;
			buildActionMask = 2147483647;
			files = (
				0EDA4E78903D1D37C732CA8B /* Pods_sample_ios.framework in Frameworks */,
			);
			runOnlyForDeploymentPostprocessing = 0;
		};
/* End PBXFrameworksBuildPhase section */

/* Begin PBXGroup section */
		4931FE5C245DC564007F51F1 = {
			isa = PBXGroup;
			children = (
				4931FE67245DC565007F51F1 /* sample_ios */,
				4931FE66245DC565007F51F1 /* Products */,
				98369712B0D6ADF082EB7084 /* Pods */,
				CC93445D054021040409EB25 /* Frameworks */,
			);
			sourceTree = "<group>";
		};
		4931FE66245DC565007F51F1 /* Products */ = {
			isa = PBXGroup;
			children = (
				4931FE65245DC565007F51F1 /* sample_ios.app */,
			);
			name = Products;
			sourceTree = "<group>";
		};
		4931FE67245DC565007F51F1 /* sample_ios */ = {
			isa = PBXGroup;
			children = (
				4931FE68245DC565007F51F1 /* AppDelegate.swift */,
				4931FE6A245DC565007F51F1 /* SceneDelegate.swift */,
				4931FE6C245DC565007F51F1 /* ViewController.swift */,
				4931FE6E245DC565007F51F1 /* Main.storyboard */,
				4931FE71245DC566007F51F1 /* Assets.xcassets */,
				4931FE73245DC566007F51F1 /* LaunchScreen.storyboard */,
				4931FE76245DC566007F51F1 /* Info.plist */,
			);
			path = sample_ios;
			sourceTree = "<group>";
		};
		98369712B0D6ADF082EB7084 /* Pods */ = {
			isa = PBXGroup;
			children = (
				7158BBB7F8472FD9E67DC327 /* Pods-sample_ios.debug.xcconfig */,
				1DCE1E5B9409B5980746CCCE /* Pods-sample_ios.release.xcconfig */,
			);
			path = Pods;
			sourceTree = "<group>";
		};
		CC93445D054021040409EB25 /* Frameworks */ = {
			isa = PBXGroup;
			children = (
				0939F1529D1E00BED1066927 /* Pods_sample_ios.framework */,
			);
			name = Frameworks;
			sourceTree = "<group>";
		};
/* End PBXGroup section */

/* Begin PBXNativeTarget section */
		4931FE64245DC565007F51F1 /* sample_ios */ = {
			isa = PBXNativeTarget;
			buildConfigurationList = 4931FE79245DC566007F51F1 /* Build configuration list for PBXNativeTarget "sample_ios" */;
			buildPhases = (
				26C9AE2F7009E1615BACD2FE /* [CP] Check Pods Manifest.lock */,
				4931FE61245DC565007F51F1 /* Sources */,
				4931FE62245DC565007F51F1 /* Frameworks */,
				4931FE63245DC565007F51F1 /* Resources */,
				E21BA52F962488B81E7F7B18 /* [CP] Embed Pods Frameworks */,
			);
			buildRules = (
			);
			dependencies = (
			);
			name = sample_ios;
			productName = sample_ios;
			productReference = 4931FE65245DC565007F51F1 /* sample_ios.app */;
			productType = "com.apple.product-type.application";
		};
/* End PBXNativeTarget section */

/* Begin PBXProject section */
		4931FE5D245DC564007F51F1 /* Project object */ = {
			isa = PBXProject;
			attributes = {
				LastSwiftUpdateCheck = 1140;
				LastUpgradeCheck = 1140;
				ORGANIZATIONNAME = "Sergio Casero Hernández";
				TargetAttributes = {
					4931FE64245DC565007F51F1 = {
						CreatedOnToolsVersion = 11.4;
					};
				};
			};
			buildConfigurationList = 4931FE60245DC564007F51F1 /* Build configuration list for PBXProject "sample_ios" */;
			compatibilityVersion = "Xcode 9.3";
			developmentRegion = en;
			hasScannedForEncodings = 0;
			knownRegions = (
				en,
				Base,
			);
			mainGroup = 4931FE5C245DC564007F51F1;
			productRefGroup = 4931FE66245DC565007F51F1 /* Products */;
			projectDirPath = "";
			projectRoot = "";
			targets = (
				4931FE64245DC565007F51F1 /* sample_ios */,
			);
		};
/* End PBXProject section */

/* Begin PBXResourcesBuildPhase section */
		4931FE63245DC565007F51F1 /* Resources */ = {
			isa = PBXResourcesBuildPhase;
			buildActionMask = 2147483647;
			files = (
				4931FE75245DC566007F51F1 /* LaunchScreen.storyboard in Resources */,
				4931FE72245DC566007F51F1 /* Assets.xcassets in Resources */,
				4931FE70245DC565007F51F1 /* Main.storyboard in Resources */,
			);
			runOnlyForDeploymentPostprocessing = 0;
		};
/* End PBXResourcesBuildPhase section */

/* Begin PBXShellScriptBuildPhase section */
		26C9AE2F7009E1615BACD2FE /* [CP] Check Pods Manifest.lock */ = {
			isa = PBXShellScriptBuildPhase;
			buildActionMask = 2147483647;
			files = (
			);
			inputFileListPaths = (
			);
			inputPaths = (
				"${PODS_PODFILE_DIR_PATH}/Podfile.lock",
				"${PODS_ROOT}/Manifest.lock",
			);
			name = "[CP] Check Pods Manifest.lock";
			outputFileListPaths = (
			);
			outputPaths = (
				"$(DERIVED_FILE_DIR)/Pods-sample_ios-checkManifestLockResult.txt",
			);
			runOnlyForDeploymentPostprocessing = 0;
			shellPath = /bin/sh;
			shellScript = "diff \"${PODS_PODFILE_DIR_PATH}/Podfile.lock\" \"${PODS_ROOT}/Manifest.lock\" > /dev/null\nif [ $? != 0 ] ; then\n    # print error to STDERR\n    echo \"error: The sandbox is not in sync with the Podfile.lock. Run 'pod install' or update your CocoaPods installation.\" >&2\n    exit 1\nfi\n# This output is used by Xcode 'outputs' to avoid re-running this script phase.\necho \"SUCCESS\" > \"${SCRIPT_OUTPUT_FILE_0}\"\n";
			showEnvVarsInLog = 0;
		};
		E21BA52F962488B81E7F7B18 /* [CP] Embed Pods Frameworks */ = {
			isa = PBXShellScriptBuildPhase;
			buildActionMask = 2147483647;
			files = (
			);
			inputFileListPaths = (
				"${PODS_ROOT}/Target Support Files/Pods-sample_ios/Pods-sample_ios-frameworks-${CONFIGURATION}-input-files.xcfilelist",
			);
			name = "[CP] Embed Pods Frameworks";
			outputFileListPaths = (
				"${PODS_ROOT}/Target Support Files/Pods-sample_ios/Pods-sample_ios-frameworks-${CONFIGURATION}-output-files.xcfilelist",
			);
			runOnlyForDeploymentPostprocessing = 0;
			shellPath = /bin/sh;
			shellScript = "\"${PODS_ROOT}/Target Support Files/Pods-sample_ios/Pods-sample_ios-frameworks.sh\"\n";
			showEnvVarsInLog = 0;
		};
/* End PBXShellScriptBuildPhase section */

/* Begin PBXSourcesBuildPhase section */
		4931FE61245DC565007F51F1 /* Sources */ = {
			isa = PBXSourcesBuildPhase;
			buildActionMask = 2147483647;
			files = (
				4931FE6D245DC565007F51F1 /* ViewController.swift in Sources */,
				4931FE69245DC565007F51F1 /* AppDelegate.swift in Sources */,
				4931FE6B245DC565007F51F1 /* SceneDelegate.swift in Sources */,
			);
			runOnlyForDeploymentPostprocessing = 0;
		};
/* End PBXSourcesBuildPhase section */

/* Begin PBXVariantGroup section */
		4931FE6E245DC565007F51F1 /* Main.storyboard */ = {
			isa = PBXVariantGroup;
			children = (
				4931FE6F245DC565007F51F1 /* Base */,
			);
			name = Main.storyboard;
			sourceTree = "<group>";
		};
		4931FE73245DC566007F51F1 /* LaunchScreen.storyboard */ = {
			isa = PBXVariantGroup;
			children = (
				4931FE74245DC566007F51F1 /* Base */,
			);
			name = LaunchScreen.storyboard;
			sourceTree = "<group>";
		};
/* End PBXVariantGroup section */

/* Begin XCBuildConfiguration section */
		4931FE77245DC566007F51F1 /* Debug */ = {
			isa = XCBuildConfiguration;
			buildSettings = {
				ALWAYS_SEARCH_USER_PATHS = NO;
				CLANG_ANALYZER_NONNULL = YES;
				CLANG_ANALYZER_NUMBER_OBJECT_CONVERSION = YES_AGGRESSIVE;
				CLANG_CXX_LANGUAGE_STANDARD = "gnu++14";
				CLANG_CXX_LIBRARY = "libc++";
				CLANG_ENABLE_MODULES = YES;
				CLANG_ENABLE_OBJC_ARC = YES;
				CLANG_ENABLE_OBJC_WEAK = YES;
				CLANG_WARN_BLOCK_CAPTURE_AUTORELEASING = YES;
				CLANG_WARN_BOOL_CONVERSION = YES;
				CLANG_WARN_COMMA = YES;
				CLANG_WARN_CONSTANT_CONVERSION = YES;
				CLANG_WARN_DEPRECATED_OBJC_IMPLEMENTATIONS = YES;
				CLANG_WARN_DIRECT_OBJC_ISA_USAGE = YES_ERROR;
				CLANG_WARN_DOCUMENTATION_COMMENTS = YES;
				CLANG_WARN_EMPTY_BODY = YES;
				CLANG_WARN_ENUM_CONVERSION = YES;
				CLANG_WARN_INFINITE_RECURSION = YES;
				CLANG_WARN_INT_CONVERSION = YES;
				CLANG_WARN_NON_LITERAL_NULL_CONVERSION = YES;
				CLANG_WARN_OBJC_IMPLICIT_RETAIN_SELF = YES;
				CLANG_WARN_OBJC_LITERAL_CONVERSION = YES;
				CLANG_WARN_OBJC_ROOT_CLASS = YES_ERROR;
				CLANG_WARN_RANGE_LOOP_ANALYSIS = YES;
				CLANG_WARN_STRICT_PROTOTYPES = YES;
				CLANG_WARN_SUSPICIOUS_MOVE = YES;
				CLANG_WARN_UNGUARDED_AVAILABILITY = YES_AGGRESSIVE;
				CLANG_WARN_UNREACHABLE_CODE = YES;
				CLANG_WARN__DUPLICATE_METHOD_MATCH = YES;
				COPY_PHASE_STRIP = NO;
				DEBUG_INFORMATION_FORMAT = dwarf;
				ENABLE_STRICT_OBJC_MSGSEND = YES;
				ENABLE_TESTABILITY = YES;
				GCC_C_LANGUAGE_STANDARD = gnu11;
				GCC_DYNAMIC_NO_PIC = NO;
				GCC_NO_COMMON_BLOCKS = YES;
				GCC_OPTIMIZATION_LEVEL = 0;
				GCC_PREPROCESSOR_DEFINITIONS = (
					"DEBUG=1",
					"$(inherited)",
				);
				GCC_WARN_64_TO_32_BIT_CONVERSION = YES;
				GCC_WARN_ABOUT_RETURN_TYPE = YES_ERROR;
				GCC_WARN_UNDECLARED_SELECTOR = YES;
				GCC_WARN_UNINITIALIZED_AUTOS = YES_AGGRESSIVE;
				GCC_WARN_UNUSED_FUNCTION = YES;
				GCC_WARN_UNUSED_VARIABLE = YES;
				IPHONEOS_DEPLOYMENT_TARGET = 12.3;
				MTL_ENABLE_DEBUG_INFO = INCLUDE_SOURCE;
				MTL_FAST_MATH = YES;
				ONLY_ACTIVE_ARCH = YES;
				SDKROOT = iphoneos;
				SWIFT_ACTIVE_COMPILATION_CONDITIONS = DEBUG;
				SWIFT_OPTIMIZATION_LEVEL = "-Onone";
			};
			name = Debug;
		};
		4931FE78245DC566007F51F1 /* Release */ = {
			isa = XCBuildConfiguration;
			buildSettings = {
				ALWAYS_SEARCH_USER_PATHS = NO;
				CLANG_ANALYZER_NONNULL = YES;
				CLANG_ANALYZER_NUMBER_OBJECT_CONVERSION = YES_AGGRESSIVE;
				CLANG_CXX_LANGUAGE_STANDARD = "gnu++14";
				CLANG_CXX_LIBRARY = "libc++";
				CLANG_ENABLE_MODULES = YES;
				CLANG_ENABLE_OBJC_ARC = YES;
				CLANG_ENABLE_OBJC_WEAK = YES;
				CLANG_WARN_BLOCK_CAPTURE_AUTORELEASING = YES;
				CLANG_WARN_BOOL_CONVERSION = YES;
				CLANG_WARN_COMMA = YES;
				CLANG_WARN_CONSTANT_CONVERSION = YES;
				CLANG_WARN_DEPRECATED_OBJC_IMPLEMENTATIONS = YES;
				CLANG_WARN_DIRECT_OBJC_ISA_USAGE = YES_ERROR;
				CLANG_WARN_DOCUMENTATION_COMMENTS = YES;
				CLANG_WARN_EMPTY_BODY = YES;
				CLANG_WARN_ENUM_CONVERSION = YES;
				CLANG_WARN_INFINITE_RECURSION = YES;
				CLANG_WARN_INT_CONVERSION = YES;
				CLANG_WARN_NON_LITERAL_NULL_CONVERSION = YES;
				CLANG_WARN_OBJC_IMPLICIT_RETAIN_SELF = YES;
				CLANG_WARN_OBJC_LITERAL_CONVERSION = YES;
				CLANG_WARN_OBJC_ROOT_CLASS = YES_ERROR;
				CLANG_WARN_RANGE_LOOP_ANALYSIS = YES;
				CLANG_WARN_STRICT_PROTOTYPES = YES;
				CLANG_WARN_SUSPICIOUS_MOVE = YES;
				CLANG_WARN_UNGUARDED_AVAILABILITY = YES_AGGRESSIVE;
				CLANG_WARN_UNREACHABLE_CODE = YES;
				CLANG_WARN__DUPLICATE_METHOD_MATCH = YES;
				COPY_PHASE_STRIP = NO;
				DEBUG_INFORMATION_FORMAT = "dwarf-with-dsym";
				ENABLE_NS_ASSERTIONS = NO;
				ENABLE_STRICT_OBJC_MSGSEND = YES;
				GCC_C_LANGUAGE_STANDARD = gnu11;
				GCC_NO_COMMON_BLOCKS = YES;
				GCC_WARN_64_TO_32_BIT_CONVERSION = YES;
				GCC_WARN_ABOUT_RETURN_TYPE = YES_ERROR;
				GCC_WARN_UNDECLARED_SELECTOR = YES;
				GCC_WARN_UNINITIALIZED_AUTOS = YES_AGGRESSIVE;
				GCC_WARN_UNUSED_FUNCTION = YES;
				GCC_WARN_UNUSED_VARIABLE = YES;
				IPHONEOS_DEPLOYMENT_TARGET = 12.3;
				MTL_ENABLE_DEBUG_INFO = NO;
				MTL_FAST_MATH = YES;
				SDKROOT = iphoneos;
				SWIFT_COMPILATION_MODE = wholemodule;
				SWIFT_OPTIMIZATION_LEVEL = "-O";
				VALIDATE_PRODUCT = YES;
			};
			name = Release;
		};
		4931FE7A245DC566007F51F1 /* Debug */ = {
			isa = XCBuildConfiguration;
			baseConfigurationReference = 7158BBB7F8472FD9E67DC327 /* Pods-sample_ios.debug.xcconfig */;
			buildSettings = {
				ASSETCATALOG_COMPILER_APPICON_NAME = AppIcon;
				CODE_SIGN_STYLE = Automatic;
				DEVELOPMENT_TEAM = 765XPJMK3L;
				INFOPLIST_FILE = sample_ios/Info.plist;
				LD_RUNPATH_SEARCH_PATHS = (
					"$(inherited)",
					"@executable_path/Frameworks",
				);
				PRODUCT_BUNDLE_IDENTIFIER = "com.sergiocasero.sample-ios";
				PRODUCT_NAME = "$(TARGET_NAME)";
				SWIFT_VERSION = 5.0;
				TARGETED_DEVICE_FAMILY = "1,2";
				VALID_ARCHS = "arm64 arm64e armv7 armv7s x86_64";
			};
			name = Debug;
		};
		4931FE7B245DC566007F51F1 /* Release */ = {
			isa = XCBuildConfiguration;
			baseConfigurationReference = 1DCE1E5B9409B5980746CCCE /* Pods-sample_ios.release.xcconfig */;
			buildSettings = {
				ASSETCATALOG_COMPILER_APPICON_NAME = AppIcon;
				CODE_SIGN_STYLE = Automatic;
				DEVELOPMENT_TEAM = 765XPJMK3L;
				INFOPLIST_FILE = sample_ios/Info.plist;
				LD_RUNPATH_SEARCH_PATHS = (
					"$(inherited)",
					"@executable_path/Frameworks",
				);
				PRODUCT_BUNDLE_IDENTIFIER = "com.sergiocasero.sample-ios";
				PRODUCT_NAME = "$(TARGET_NAME)";
				SWIFT_VERSION = 5.0;
				TARGETED_DEVICE_FAMILY = "1,2";
				VALID_ARCHS = "arm64 arm64e armv7 armv7s x86_64";
			};
			name = Release;
		};
/* End XCBuildConfiguration section */

/* Begin XCConfigurationList section */
		4931FE60245DC564007F51F1 /* Build configuration list for PBXProject "sample_ios" */ = {
			isa = XCConfigurationList;
			buildConfigurations = (
				4931FE77245DC566007F51F1 /* Debug */,
				4931FE78245DC566007F51F1 /* Release */,
			);
			defaultConfigurationIsVisible = 0;
			defaultConfigurationName = Release;
		};
		4931FE79245DC566007F51F1 /* Build configuration list for PBXNativeTarget "sample_ios" */ = {
			isa = XCConfigurationList;
			buildConfigurations = (
				4931FE7A245DC566007F51F1 /* Debug */,
				4931FE7B245DC566007F51F1 /* Release */,
			);
			defaultConfigurationIsVisible = 0;
			defaultConfigurationName = Release;
		};
/* End XCConfigurationList section */
	};
	rootObject = 4931FE5D245DC564007F51F1 /* Project object */;
}
